
Microsoft Visual Studio Solution File, Format Version 12.00
# Visual Studio 15
VisualStudioVersion = 15.0.28010.2046
MinimumVisualStudioVersion = 10.0.40219.1
Project("{9A19103F-16F7-4668-BE54-9A1E7A4F7556}") = "F2H.WebApi", "f2h.webapi\F2H.WebApi.csproj", "{3171564C-B3B8-4C5E-A768-E7EE1CFFAFEA}"
EndProject
Project("{9092AA53-FB77-4645-B42D-1CCCA6BD08BD}") = "f2h.web", "f2h.web\F2H.Web.njsproj", "{60D6FEC4-4815-4F00-B690-88E0965A9BAF}"
EndProject
Project("{FAE04EC0-301F-11D3-BF4B-00C04F79EFBC}") = "F2H.Models", "f2h.models\F2H.Models.csproj", "{54CFE3A3-A431-454F-8E9C-4C62A28E3A2B}"
EndProject
Project("{FAE04EC0-301F-11D3-BF4B-00C04F79EFBC}") = "F2H.Core", "f2h.core\F2H.Core.csproj", "{4C575F36-8B68-4D99-86C9-68B8FE566E5B}"
EndProject
Project("{FAE04EC0-301F-11D3-BF4B-00C04F79EFBC}") = "F2H.DataAccess", "f2h.dataaccess\F2H.DataAccess.csproj", "{14A07F1C-92E5-4FC9-B6A9-0C5800536ED8}"
EndProject
Project("{FAE04EC0-301F-11D3-BF4B-00C04F79EFBC}") = "F2H.Interfaces", "f2h.interfaces\F2H.Interfaces.csproj", "{8CA56FA1-C196-4FAA-B5D0-F513D4FD2676}"
EndProject
Global
	GlobalSection(SolutionConfigurationPlatforms) = preSolution
		Debug|Any CPU = Debug|Any CPU
		Release|Any CPU = Release|Any CPU
	EndGlobalSection
	GlobalSection(ProjectConfigurationPlatforms) = postSolution
		{3171564C-B3B8-4C5E-A768-E7EE1CFFAFEA}.Debug|Any CPU.ActiveCfg = Debug|Any CPU
		{3171564C-B3B8-4C5E-A768-E7EE1CFFAFEA}.Debug|Any CPU.Build.0 = Debug|Any CPU
		{3171564C-B3B8-4C5E-A768-E7EE1CFFAFEA}.Release|Any CPU.ActiveCfg = Release|Any CPU
		{3171564C-B3B8-4C5E-A768-E7EE1CFFAFEA}.Release|Any CPU.Build.0 = Release|Any CPU
		{60D6FEC4-4815-4F00-B690-88E0965A9BAF}.Debug|Any CPU.ActiveCfg = Debug|Any CPU
		{60D6FEC4-4815-4F00-B690-88E0965A9BAF}.Debug|Any CPU.Build.0 = Debug|Any CPU
		{60D6FEC4-4815-4F00-B690-88E0965A9BAF}.Release|Any CPU.ActiveCfg = Release|Any CPU
		{60D6FEC4-4815-4F00-B690-88E0965A9BAF}.Release|Any CPU.Build.0 = Release|Any CPU
		{54CFE3A3-A431-454F-8E9C-4C62A28E3A2B}.Debug|Any CPU.ActiveCfg = Debug|Any CPU
		{54CFE3A3-A431-454F-8E9C-4C62A28E3A2B}.Debug|Any CPU.Build.0 = Debug|Any CPU
		{54CFE3A3-A431-454F-8E9C-4C62A28E3A2B}.Release|Any CPU.ActiveCfg = Release|Any CPU
		{54CFE3A3-A431-454F-8E9C-4C62A28E3A2B}.Release|Any CPU.Build.0 = Release|Any CPU
		{4C575F36-8B68-4D99-86C9-68B8FE566E5B}.Debug|Any CPU.ActiveCfg = Debug|Any CPU
		{4C575F36-8B68-4D99-86C9-68B8FE566E5B}.Debug|Any CPU.Build.0 = Debug|Any CPU
		{4C575F36-8B68-4D99-86C9-68B8FE566E5B}.Release|Any CPU.ActiveCfg = Release|Any CPU
		{4C575F36-8B68-4D99-86C9-68B8FE566E5B}.Release|Any CPU.Build.0 = Release|Any CPU
		{14A07F1C-92E5-4FC9-B6A9-0C5800536ED8}.Debug|Any CPU.ActiveCfg = Debug|Any CPU
		{14A07F1C-92E5-4FC9-B6A9-0C5800536ED8}.Debug|Any CPU.Build.0 = Debug|Any CPU
		{14A07F1C-92E5-4FC9-B6A9-0C5800536ED8}.Release|Any CPU.ActiveCfg = Release|Any CPU
		{14A07F1C-92E5-4FC9-B6A9-0C5800536ED8}.Release|Any CPU.Build.0 = Release|Any CPU
		{8CA56FA1-C196-4FAA-B5D0-F513D4FD2676}.Debug|Any CPU.ActiveCfg = Debug|Any CPU
		{8CA56FA1-C196-4FAA-B5D0-F513D4FD2676}.Debug|Any CPU.Build.0 = Debug|Any CPU
		{8CA56FA1-C196-4FAA-B5D0-F513D4FD2676}.Release|Any CPU.ActiveCfg = Release|Any CPU
		{8CA56FA1-C196-4FAA-B5D0-F513D4FD2676}.Release|Any CPU.Build.0 = Release|Any CPU
	EndGlobalSection
	GlobalSection(SolutionProperties) = preSolution
		HideSolutionNode = FALSE
	EndGlobalSection
	GlobalSection(ExtensibilityGlobals) = postSolution
		SolutionGuid = {749BC1E8-7C89-4ED7-9A12-F68FA5DF0E60}
	EndGlobalSection
EndGlobal
